
Microsoft Visual Studio Solution File, Format Version 12.00
# Visual Studio Version 17
VisualStudioVersion = 17.5.33502.453
MinimumVisualStudioVersion = 10.0.40219.1
Project("{FAE04EC0-301F-11D3-BF4B-00C04F79EFBC}") = "encode", "encode\encode.csproj", "{42F23E37-6FB0-4856-9677-7B338C152C64}"
EndProject
Global
	GlobalSection(SolutionConfigurationPlatforms) = preSolution
		Debug|Any CPU = Debug|Any CPU
		Release|Any CPU = Release|Any CPU
	EndGlobalSection
	GlobalSection(ProjectConfigurationPlatforms) = postSolution
		{42F23E37-6FB0-4856-9677-7B338C152C64}.Debug|Any CPU.ActiveCfg = Debug|Any CPU
		{42F23E37-6FB0-4856-9677-7B338C152C64}.Debug|Any CPU.Build.0 = Debug|Any CPU
		{42F23E37-6FB0-4856-9677-7B338C152C64}.Release|Any CPU.ActiveCfg = Release|Any CPU
		{42F23E37-6FB0-4856-9677-7B338C152C64}.Release|Any CPU.Build.0 = Release|Any CPU
	EndGlobalSection
	GlobalSection(SolutionProperties) = preSolution
		HideSolutionNode = FALSE
	EndGlobalSection
	GlobalSection(ExtensibilityGlobals) = postSolution
		SolutionGuid = {342447B1-D333-474C-B6BE-072795E3A9EB}
	EndGlobalSection
EndGlobal
